PODS:
  - AFNetworking (2.6.3):
    - AFNetworking/NSURLConnection (= 2.6.3)
    - AFNetworking/NSURLSession (= 2.6.3)
    - AFNetworking/Reachability (= 2.6.3)
    - AFNetworking/Security (= 2.6.3)
    - AFNetworking/Serialization (= 2.6.3)
    - AFNetworking/UIKit (= 2.6.3)
  - AFNetworking/NSURLConnection (2.6.3):
    - AFNetworking/Reachability
    - AFNetworking/Security
    - AFNetworking/Serialization
  - AFNetworking/NSURLSession (2.6.3):
    - AFNetworking/Reachability
    - AFNetworking/Security
    - AFNetworking/Serialization
  - AFNetworking/Reachability (2.6.3)
  - AFNetworking/Security (2.6.3)
  - AFNetworking/Serialization (2.6.3)
  - AFNetworking/UIKit (2.6.3):
    - AFNetworking/NSURLConnection
    - AFNetworking/NSURLSession
  - AtSugar (0.1.1)
  - Avenue (0.4.2):
    - AFNetworking (~> 2.6)
    - KVOController (~> 1.0)
    - PromiseKit/CorePromise (~> 3.0)
  - AvenueFetcher (0.4.0):
    - Avenue (~> 0.4)
    - JSONModel (~> 1.1)
    - PromiseKit/CorePromise (~> 3.0)
  - CoreHound (0.3.0):
    - AFNetworking (~> 2.6)
    - AtSugar (~> 0.1)
    - Avenue (~> 0.4)
    - AvenueFetcher (~> 0.4)
    - JSONModel (~> 1.1.2)
    - PromiseKit/CorePromise (~> 3.0)
    - UICKeyChainStore (~> 2.0)
  - Expecta (1.0.3)
  - JSONModel (1.1.2)
  - KVOController (1.0.3)
  - PromiseKit/CorePromise (3.0.1)
  - Specta (1.0.4)
  - UICKeyChainStore (2.1.0)

DEPENDENCIES:
  - CoreHound (from `../`)
  - Expecta
  - Specta

EXTERNAL SOURCES:
  CoreHound:
    :path: "../"

SPEC CHECKSUMS:
  AFNetworking: cb8d14a848e831097108418f5d49217339d4eb60
  AtSugar: 25ddf068f42f2e35c6cc2ef0275e87d8395ac332
  Avenue: 427930674ecabb0b41d65ee3749fc36d3dd18d15
  AvenueFetcher: 0e8527699aa9f14f8bc560030f55357781c99caa
  CoreHound: 029cbb1fa78194e68b8eb16789d4785b70130e13
  Expecta: 9d1bff6c8b0eeee73a166a2ee898892478927a15
  JSONModel: 216584d0311b053ff714f1d6cb700dbf890847bc
  KVOController: 9fd8f0343670994e4b6f9f0b31f5a45663f3e1cf
  PromiseKit: 19d12914484a15c25a46f72fde38579204a5dac6
  Specta: 69bb134672aae190a1379ff91df07dad8dd1f869
  UICKeyChainStore: f1cbd42216a113f0165de1e733e62905b8823432

COCOAPODS: 0.39.0
